
Microsoft Visual Studio Solution File, Format Version 12.00
# Visual Studio Version 17
VisualStudioVersion = 17.14.36414.22
MinimumVisualStudioVersion = 10.0.40219.1
Project("{2150E333-8FDC-42A3-9474-1A3956D46DE8}") = "Task0", "Task0", "{36D591C7-65C7-A0D1-1CBC-10CDE441BDC8}"
EndProject
Project("{FAE04EC0-301F-11D3-BF4B-00C04F79EFBC}") = "Tyuiu.ZjatkovDV.Sprint0.Task0.V0", "Tyuiu.ZjatkovDV.Sprint0.Task0.V0\Tyuiu.ZjatkovDV.Sprint0.Task0.V0.csproj", "{49D33AAC-8615-40E7-9E5F-D8C5BD269004}"
EndProject
Project("{2150E333-8FDC-42A3-9474-1A3956D46DE8}") = "Task1", "Task1", "{ED8D9BE2-7893-46FE-8D21-23E199872B79}"
EndProject
Project("{FAE04EC0-301F-11D3-BF4B-00C04F79EFBC}") = "Tyuiu.ZjatkovDV.Sprint0.Task1.V0", "Tyuiu.ZjatkovDV.Sprint0.Task1.V0\Tyuiu.ZjatkovDV.Sprint0.Task1.V0.csproj", "{00E4C7F2-8D6C-4757-B9D6-8447410996C6}"
EndProject
Project("{2150E333-8FDC-42A3-9474-1A3956D46DE8}") = "Task2", "Task2", "{E0CF37F4-31B7-4F6A-9740-654585D02D11}"
EndProject
Project("{FAE04EC0-301F-11D3-BF4B-00C04F79EFBC}") = "Tyuiu.ZjatkovDV.Sprint0.Task2.V0", "Tyuiu.ZjatkovDV.Sprint0.Task2.V0\Tyuiu.ZjatkovDV.Sprint0.Task2.V0.csproj", "{6669453A-66D3-47F7-B88F-7B55498F9435}"
EndProject
Project("{FAE04EC0-301F-11D3-BF4B-00C04F79EFBC}") = "Tyuiu.ZjatkovDV.Sprint0.Task2.V0.Lib", "Tyuiu.ZjatkovDV.Sprint0.Task2.V0.Lib\Tyuiu.ZjatkovDV.Sprint0.Task2.V0.Lib.csproj", "{B7ECAF75-628A-4075-8FA1-B06CF15CC034}"
EndProject
Project("{FAE04EC0-301F-11D3-BF4B-00C04F79EFBC}") = "Tyuiu.ZjatkovDV.Sprint0.Task2.V0.Test", "Tyuiu.ZjatkovDV.Sprint0.Task2.V0.Test\Tyuiu.ZjatkovDV.Sprint0.Task2.V0.Test.csproj", "{FEB512FB-E1F1-48A1-8A5E-D514162B97D3}"
EndProject
Project("{2150E333-8FDC-42A3-9474-1A3956D46DE8}") = "Task3", "Task3", "{EE72A231-A6E2-4FB8-AA4D-63E1FC585E6E}"
EndProject
Project("{FAE04EC0-301F-11D3-BF4B-00C04F79EFBC}") = "Tyuiu.ZjatkovDV.Sprint0.Task3.V0", "Tyuiu.ZjatkovDV.Sprint0.Task3.V0\Tyuiu.ZjatkovDV.Sprint0.Task3.V0.csproj", "{3CBA6771-949C-4477-8F09-9459E1B0E3AA}"
EndProject
Project("{FAE04EC0-301F-11D3-BF4B-00C04F79EFBC}") = "Tyuiu.ZjatkovDV.Sprint0.Task3.V0.Lib", "Tyuiu.ZjatkovDV.Sprint0.Task3.V0.Lib\Tyuiu.ZjatkovDV.Sprint0.Task3.V0.Lib.csproj", "{AA8B5F94-8561-486D-8CA4-F88FDD69E7EA}"
EndProject
Project("{FAE04EC0-301F-11D3-BF4B-00C04F79EFBC}") = "Tyuiu.ZjatkovDV.Sprint0.Task3.V0.Test", "Tyuiu.ZjatkovDV.Sprint0.Task3.V0.Test\Tyuiu.ZjatkovDV.Sprint0.Task3.V0.Test.csproj", "{C6632D4E-3AF2-4CB8-8CB8-39F5B3DF6F8C}"
EndProject
Project("{2150E333-8FDC-42A3-9474-1A3956D46DE8}") = "Task4", "Task4", "{5F8DDFC4-886A-4D3A-9D72-75E2DF764D92}"
EndProject
Project("{FAE04EC0-301F-11D3-BF4B-00C04F79EFBC}") = "Tyuiu.ZjatkovDV.Sprint0.Task4.V0", "Tyuiu.ZjatkovDV.Sprint0.Task4.V0\Tyuiu.ZjatkovDV.Sprint0.Task4.V0.csproj", "{6199CB7C-307B-42EE-991E-AC045869903C}"
EndProject
Project("{FAE04EC0-301F-11D3-BF4B-00C04F79EFBC}") = "Tyuiu.ZjatkovDV.Sprint0.Task4.V0.Lib", "Tyuiu.ZjatkovDV.Sprint0.Task4.V0.Lib\Tyuiu.ZjatkovDV.Sprint0.Task4.V0.Lib.csproj", "{84EE3CA8-B7BF-41CF-B0E6-82D7DFB3C696}"
EndProject
Project("{FAE04EC0-301F-11D3-BF4B-00C04F79EFBC}") = "Tyuiu.ZjatkovDV.Sprint0.Task4.V0.Test", "Tyuiu.ZjatkovDV.Sprint0.Task4.V0.Test\Tyuiu.ZjatkovDV.Sprint0.Task4.V0.Test.csproj", "{76E45F3E-507B-418F-8B5A-48B147F725E5}"
EndProject
Project("{2150E333-8FDC-42A3-9474-1A3956D46DE8}") = "Task5", "Task5", "{7274A0C4-2CE5-45CD-AC65-4AE789C0FBE7}"
EndProject
Project("{FAE04EC0-301F-11D3-BF4B-00C04F79EFBC}") = "Tyuiu.ZjatkovDV.Sprint0.Task5.V0", "Tyuiu.ZjatkovDV.Sprint0.Task5.V0\Tyuiu.ZjatkovDV.Sprint0.Task5.V0.csproj", "{49B13214-6D70-4CE7-868D-66EA55F9EC94}"
EndProject
Project("{FAE04EC0-301F-11D3-BF4B-00C04F79EFBC}") = "Tyuiu.ZjatkovDV.Sprint0.Task5.V0.Lib", "Tyuiu.ZjatkovDV.Sprint0.Task5.V0.Lib\Tyuiu.ZjatkovDV.Sprint0.Task5.V0.Lib.csproj", "{61C66D6C-777B-4ABB-A05A-940D27C01458}"
EndProject
Project("{FAE04EC0-301F-11D3-BF4B-00C04F79EFBC}") = "Tyuiu.ZjatkovDV.Sprint0.Task5.V0.Test", "Tyuiu.ZjatkovDV.Sprint0.Task5.V0.Test\Tyuiu.ZjatkovDV.Sprint0.Task5.V0.Test.csproj", "{223FE568-7FBF-487E-8790-CFF11C426B2F}"
EndProject
Project("{2150E333-8FDC-42A3-9474-1A3956D46DE8}") = "Task6", "Task6", "{57F38F7E-4BB9-4394-8DF8-6877FFB7869A}"
EndProject
Project("{FAE04EC0-301F-11D3-BF4B-00C04F79EFBC}") = "Tyuiu.ZjatkovDV.Sprint0.Task6.V0", "Tyuiu.ZjatkovDV.Sprint0.Task6.V0\Tyuiu.ZjatkovDV.Sprint0.Task6.V0.csproj", "{2AF958F8-A951-41E1-B007-4F8C7324581F}"
EndProject
Project("{FAE04EC0-301F-11D3-BF4B-00C04F79EFBC}") = "Tyuiu.ZjatkovDV.Sprint0.Task6.V0.Lib", "Tyuiu.ZjatkovDV.Sprint0.Task6.V0.Lib\Tyuiu.ZjatkovDV.Sprint0.Task6.V0.Lib.csproj", "{8F715A25-76FF-41D4-A811-A03C4C020BB3}"
EndProject
Project("{FAE04EC0-301F-11D3-BF4B-00C04F79EFBC}") = "Tyuiu.ZjatkovDV.Sprint0.Task6.V0.Test", "Tyuiu.ZjatkovDV.Sprint0.Task6.V0.Test\Tyuiu.ZjatkovDV.Sprint0.Task6.V0.Test.csproj", "{AD7D56CC-76F3-4803-9F21-1CD2C58660BE}"
EndProject
Global
	GlobalSection(SolutionConfigurationPlatforms) = preSolution
		Debug|Any CPU = Debug|Any CPU
		Release|Any CPU = Release|Any CPU
	EndGlobalSection
	GlobalSection(ProjectConfigurationPlatforms) = postSolution
		{49D33AAC-8615-40E7-9E5F-D8C5BD269004}.Debug|Any CPU.ActiveCfg = Debug|Any CPU
		{49D33AAC-8615-40E7-9E5F-D8C5BD269004}.Debug|Any CPU.Build.0 = Debug|Any CPU
		{49D33AAC-8615-40E7-9E5F-D8C5BD269004}.Release|Any CPU.ActiveCfg = Release|Any CPU
		{49D33AAC-8615-40E7-9E5F-D8C5BD269004}.Release|Any CPU.Build.0 = Release|Any CPU
		{00E4C7F2-8D6C-4757-B9D6-8447410996C6}.Debug|Any CPU.ActiveCfg = Debug|Any CPU
		{00E4C7F2-8D6C-4757-B9D6-8447410996C6}.Debug|Any CPU.Build.0 = Debug|Any CPU
		{00E4C7F2-8D6C-4757-B9D6-8447410996C6}.Release|Any CPU.ActiveCfg = Release|Any CPU
		{00E4C7F2-8D6C-4757-B9D6-8447410996C6}.Release|Any CPU.Build.0 = Release|Any CPU
		{6669453A-66D3-47F7-B88F-7B55498F9435}.Debug|Any CPU.ActiveCfg = Debug|Any CPU
		{6669453A-66D3-47F7-B88F-7B55498F9435}.Debug|Any CPU.Build.0 = Debug|Any CPU
		{6669453A-66D3-47F7-B88F-7B55498F9435}.Release|Any CPU.ActiveCfg = Release|Any CPU
		{6669453A-66D3-47F7-B88F-7B55498F9435}.Release|Any CPU.Build.0 = Release|Any CPU
		{B7ECAF75-628A-4075-8FA1-B06CF15CC034}.Debug|Any CPU.ActiveCfg = Debug|Any CPU
		{B7ECAF75-628A-4075-8FA1-B06CF15CC034}.Debug|Any CPU.Build.0 = Debug|Any CPU
		{B7ECAF75-628A-4075-8FA1-B06CF15CC034}.Release|Any CPU.ActiveCfg = Release|Any CPU
		{B7ECAF75-628A-4075-8FA1-B06CF15CC034}.Release|Any CPU.Build.0 = Release|Any CPU
		{FEB512FB-E1F1-48A1-8A5E-D514162B97D3}.Debug|Any CPU.ActiveCfg = Debug|Any CPU
		{FEB512FB-E1F1-48A1-8A5E-D514162B97D3}.Debug|Any CPU.Build.0 = Debug|Any CPU
		{FEB512FB-E1F1-48A1-8A5E-D514162B97D3}.Release|Any CPU.ActiveCfg = Release|Any CPU
		{FEB512FB-E1F1-48A1-8A5E-D514162B97D3}.Release|Any CPU.Build.0 = Release|Any CPU
		{3CBA6771-949C-4477-8F09-9459E1B0E3AA}.Debug|Any CPU.ActiveCfg = Debug|Any CPU
		{3CBA6771-949C-4477-8F09-9459E1B0E3AA}.Debug|Any CPU.Build.0 = Debug|Any CPU
		{3CBA6771-949C-4477-8F09-9459E1B0E3AA}.Release|Any CPU.ActiveCfg = Release|Any CPU
		{3CBA6771-949C-4477-8F09-9459E1B0E3AA}.Release|Any CPU.Build.0 = Release|Any CPU
		{AA8B5F94-8561-486D-8CA4-F88FDD69E7EA}.Debug|Any CPU.ActiveCfg = Debug|Any CPU
		{AA8B5F94-8561-486D-8CA4-F88FDD69E7EA}.Debug|Any CPU.Build.0 = Debug|Any CPU
		{AA8B5F94-8561-486D-8CA4-F88FDD69E7EA}.Release|Any CPU.ActiveCfg = Release|Any CPU
		{AA8B5F94-8561-486D-8CA4-F88FDD69E7EA}.Release|Any CPU.Build.0 = Release|Any CPU
		{C6632D4E-3AF2-4CB8-8CB8-39F5B3DF6F8C}.Debug|Any CPU.ActiveCfg = Debug|Any CPU
		{C6632D4E-3AF2-4CB8-8CB8-39F5B3DF6F8C}.Debug|Any CPU.Build.0 = Debug|Any CPU
		{C6632D4E-3AF2-4CB8-8CB8-39F5B3DF6F8C}.Release|Any CPU.ActiveCfg = Release|Any CPU
		{C6632D4E-3AF2-4CB8-8CB8-39F5B3DF6F8C}.Release|Any CPU.Build.0 = Release|Any CPU
		{6199CB7C-307B-42EE-991E-AC045869903C}.Debug|Any CPU.ActiveCfg = Debug|Any CPU
		{6199CB7C-307B-42EE-991E-AC045869903C}.Debug|Any CPU.Build.0 = Debug|Any CPU
		{6199CB7C-307B-42EE-991E-AC045869903C}.Release|Any CPU.ActiveCfg = Release|Any CPU
		{6199CB7C-307B-42EE-991E-AC045869903C}.Release|Any CPU.Build.0 = Release|Any CPU
		{84EE3CA8-B7BF-41CF-B0E6-82D7DFB3C696}.Debug|Any CPU.ActiveCfg = Debug|Any CPU
		{84EE3CA8-B7BF-41CF-B0E6-82D7DFB3C696}.Debug|Any CPU.Build.0 = Debug|Any CPU
		{84EE3CA8-B7BF-41CF-B0E6-82D7DFB3C696}.Release|Any CPU.ActiveCfg = Release|Any CPU
		{84EE3CA8-B7BF-41CF-B0E6-82D7DFB3C696}.Release|Any CPU.Build.0 = Release|Any CPU
		{76E45F3E-507B-418F-8B5A-48B147F725E5}.Debug|Any CPU.ActiveCfg = Debug|Any CPU
		{76E45F3E-507B-418F-8B5A-48B147F725E5}.Debug|Any CPU.Build.0 = Debug|Any CPU
		{76E45F3E-507B-418F-8B5A-48B147F725E5}.Release|Any CPU.ActiveCfg = Release|Any CPU
		{76E45F3E-507B-418F-8B5A-48B147F725E5}.Release|Any CPU.Build.0 = Release|Any CPU
		{49B13214-6D70-4CE7-868D-66EA55F9EC94}.Debug|Any CPU.ActiveCfg = Debug|Any CPU
		{49B13214-6D70-4CE7-868D-66EA55F9EC94}.Debug|Any CPU.Build.0 = Debug|Any CPU
		{49B13214-6D70-4CE7-868D-66EA55F9EC94}.Release|Any CPU.ActiveCfg = Release|Any CPU
		{49B13214-6D70-4CE7-868D-66EA55F9EC94}.Release|Any CPU.Build.0 = Release|Any CPU
		{61C66D6C-777B-4ABB-A05A-940D27C01458}.Debug|Any CPU.ActiveCfg = Debug|Any CPU
		{61C66D6C-777B-4ABB-A05A-940D27C01458}.Debug|Any CPU.Build.0 = Debug|Any CPU
		{61C66D6C-777B-4ABB-A05A-940D27C01458}.Release|Any CPU.ActiveCfg = Release|Any CPU
		{61C66D6C-777B-4ABB-A05A-940D27C01458}.Release|Any CPU.Build.0 = Release|Any CPU
		{223FE568-7FBF-487E-8790-CFF11C426B2F}.Debug|Any CPU.ActiveCfg = Debug|Any CPU
		{223FE568-7FBF-487E-8790-CFF11C426B2F}.Debug|Any CPU.Build.0 = Debug|Any CPU
		{223FE568-7FBF-487E-8790-CFF11C426B2F}.Release|Any CPU.ActiveCfg = Release|Any CPU
		{223FE568-7FBF-487E-8790-CFF11C426B2F}.Release|Any CPU.Build.0 = Release|Any CPU
		{2AF958F8-A951-41E1-B007-4F8C7324581F}.Debug|Any CPU.ActiveCfg = Debug|Any CPU
		{2AF958F8-A951-41E1-B007-4F8C7324581F}.Debug|Any CPU.Build.0 = Debug|Any CPU
		{2AF958F8-A951-41E1-B007-4F8C7324581F}.Release|Any CPU.ActiveCfg = Release|Any CPU
		{2AF958F8-A951-41E1-B007-4F8C7324581F}.Release|Any CPU.Build.0 = Release|Any CPU
		{8F715A25-76FF-41D4-A811-A03C4C020BB3}.Debug|Any CPU.ActiveCfg = Debug|Any CPU
		{8F715A25-76FF-41D4-A811-A03C4C020BB3}.Debug|Any CPU.Build.0 = Debug|Any CPU
		{8F715A25-76FF-41D4-A811-A03C4C020BB3}.Release|Any CPU.ActiveCfg = Release|Any CPU
		{8F715A25-76FF-41D4-A811-A03C4C020BB3}.Release|Any CPU.Build.0 = Release|Any CPU
		{AD7D56CC-76F3-4803-9F21-1CD2C58660BE}.Debug|Any CPU.ActiveCfg = Debug|Any CPU
		{AD7D56CC-76F3-4803-9F21-1CD2C58660BE}.Debug|Any CPU.Build.0 = Debug|Any CPU
		{AD7D56CC-76F3-4803-9F21-1CD2C58660BE}.Release|Any CPU.ActiveCfg = Release|Any CPU
		{AD7D56CC-76F3-4803-9F21-1CD2C58660BE}.Release|Any CPU.Build.0 = Release|Any CPU
	EndGlobalSection
	GlobalSection(SolutionProperties) = preSolution
		HideSolutionNode = FALSE
	EndGlobalSection
	GlobalSection(NestedProjects) = preSolution
		{49D33AAC-8615-40E7-9E5F-D8C5BD269004} = {36D591C7-65C7-A0D1-1CBC-10CDE441BDC8}
		{00E4C7F2-8D6C-4757-B9D6-8447410996C6} = {ED8D9BE2-7893-46FE-8D21-23E199872B79}
		{6669453A-66D3-47F7-B88F-7B55498F9435} = {E0CF37F4-31B7-4F6A-9740-654585D02D11}
		{B7ECAF75-628A-4075-8FA1-B06CF15CC034} = {E0CF37F4-31B7-4F6A-9740-654585D02D11}
		{FEB512FB-E1F1-48A1-8A5E-D514162B97D3} = {E0CF37F4-31B7-4F6A-9740-654585D02D11}
		{3CBA6771-949C-4477-8F09-9459E1B0E3AA} = {EE72A231-A6E2-4FB8-AA4D-63E1FC585E6E}
		{AA8B5F94-8561-486D-8CA4-F88FDD69E7EA} = {EE72A231-A6E2-4FB8-AA4D-63E1FC585E6E}
		{C6632D4E-3AF2-4CB8-8CB8-39F5B3DF6F8C} = {EE72A231-A6E2-4FB8-AA4D-63E1FC585E6E}
		{6199CB7C-307B-42EE-991E-AC045869903C} = {5F8DDFC4-886A-4D3A-9D72-75E2DF764D92}
		{84EE3CA8-B7BF-41CF-B0E6-82D7DFB3C696} = {5F8DDFC4-886A-4D3A-9D72-75E2DF764D92}
		{76E45F3E-507B-418F-8B5A-48B147F725E5} = {5F8DDFC4-886A-4D3A-9D72-75E2DF764D92}
		{49B13214-6D70-4CE7-868D-66EA55F9EC94} = {7274A0C4-2CE5-45CD-AC65-4AE789C0FBE7}
		{61C66D6C-777B-4ABB-A05A-940D27C01458} = {7274A0C4-2CE5-45CD-AC65-4AE789C0FBE7}
		{223FE568-7FBF-487E-8790-CFF11C426B2F} = {7274A0C4-2CE5-45CD-AC65-4AE789C0FBE7}
		{2AF958F8-A951-41E1-B007-4F8C7324581F} = {57F38F7E-4BB9-4394-8DF8-6877FFB7869A}
		{8F715A25-76FF-41D4-A811-A03C4C020BB3} = {57F38F7E-4BB9-4394-8DF8-6877FFB7869A}
		{AD7D56CC-76F3-4803-9F21-1CD2C58660BE} = {57F38F7E-4BB9-4394-8DF8-6877FFB7869A}
	EndGlobalSection
	GlobalSection(ExtensibilityGlobals) = postSolution
		SolutionGuid = {2D4B363C-C69B-46F8-AC80-79D7AC91C92D}
	EndGlobalSection
EndGlobal
